
Microsoft Visual Studio Solution File, Format Version 12.00
# Visual Studio Version 16
VisualStudioVersion = 16.0.29306.81
MinimumVisualStudioVersion = 10.0.40219.1
Project("{FAE04EC0-301F-11D3-BF4B-00C04F79EFBC}") = "000_TernaryOperator", "000_TernaryOperator.csproj", "{B805ADFB-7E44-4E26-B890-6F3658FE64AD}"
EndProject
Project("{FAE04EC0-301F-11D3-BF4B-00C04F79EFBC}") = "001_TernaryOperator", "TernaryOperator1\001_TernaryOperator.csproj", "{D99A027A-A97F-464C-9D80-2634E85B6093}"
EndProject
Project("{FAE04EC0-301F-11D3-BF4B-00C04F79EFBC}") = "002_TernaryOperator", "TernaryOperator2\002_TernaryOperator.csproj", "{2CE7D5C5-78F5-4DCE-955B-180AC13ACF49}"
EndProject
Project("{FAE04EC0-301F-11D3-BF4B-00C04F79EFBC}") = "003_TernaryOperator", "TernaryOperator3\003_TernaryOperator.csproj", "{D47480C4-2B7D-4C29-A617-CF25A0DED78B}"
EndProject
Project("{FAE04EC0-301F-11D3-BF4B-00C04F79EFBC}") = "004_TernaryOperator", "TernaryOperator4\004_TernaryOperator.csproj", "{7A85B660-BAEF-40C3-924A-2A471C86331B}"
EndProject
Project("{FAE04EC0-301F-11D3-BF4B-00C04F79EFBC}") = "005_KeywordRef", "KeywordRef\005_KeywordRef.csproj", "{4900941F-77A0-4B5D-8CF0-949EE2D7C0D4}"
EndProject
Global
	GlobalSection(SolutionConfigurationPlatforms) = preSolution
		Debug|Any CPU = Debug|Any CPU
		Release|Any CPU = Release|Any CPU
	EndGlobalSection
	GlobalSection(ProjectConfigurationPlatforms) = postSolution
		{B805ADFB-7E44-4E26-B890-6F3658FE64AD}.Debug|Any CPU.ActiveCfg = Debug|Any CPU
		{B805ADFB-7E44-4E26-B890-6F3658FE64AD}.Debug|Any CPU.Build.0 = Debug|Any CPU
		{B805ADFB-7E44-4E26-B890-6F3658FE64AD}.Release|Any CPU.ActiveCfg = Release|Any CPU
		{B805ADFB-7E44-4E26-B890-6F3658FE64AD}.Release|Any CPU.Build.0 = Release|Any CPU
		{D99A027A-A97F-464C-9D80-2634E85B6093}.Debug|Any CPU.ActiveCfg = Debug|Any CPU
		{D99A027A-A97F-464C-9D80-2634E85B6093}.Debug|Any CPU.Build.0 = Debug|Any CPU
		{D99A027A-A97F-464C-9D80-2634E85B6093}.Release|Any CPU.ActiveCfg = Release|Any CPU
		{D99A027A-A97F-464C-9D80-2634E85B6093}.Release|Any CPU.Build.0 = Release|Any CPU
		{2CE7D5C5-78F5-4DCE-955B-180AC13ACF49}.Debug|Any CPU.ActiveCfg = Debug|Any CPU
		{2CE7D5C5-78F5-4DCE-955B-180AC13ACF49}.Debug|Any CPU.Build.0 = Debug|Any CPU
		{2CE7D5C5-78F5-4DCE-955B-180AC13ACF49}.Release|Any CPU.ActiveCfg = Release|Any CPU
		{2CE7D5C5-78F5-4DCE-955B-180AC13ACF49}.Release|Any CPU.Build.0 = Release|Any CPU
		{D47480C4-2B7D-4C29-A617-CF25A0DED78B}.Debug|Any CPU.ActiveCfg = Debug|Any CPU
		{D47480C4-2B7D-4C29-A617-CF25A0DED78B}.Debug|Any CPU.Build.0 = Debug|Any CPU
		{D47480C4-2B7D-4C29-A617-CF25A0DED78B}.Release|Any CPU.ActiveCfg = Release|Any CPU
		{D47480C4-2B7D-4C29-A617-CF25A0DED78B}.Release|Any CPU.Build.0 = Release|Any CPU
		{7A85B660-BAEF-40C3-924A-2A471C86331B}.Debug|Any CPU.ActiveCfg = Debug|Any CPU
		{7A85B660-BAEF-40C3-924A-2A471C86331B}.Debug|Any CPU.Build.0 = Debug|Any CPU
		{7A85B660-BAEF-40C3-924A-2A471C86331B}.Release|Any CPU.ActiveCfg = Release|Any CPU
		{7A85B660-BAEF-40C3-924A-2A471C86331B}.Release|Any CPU.Build.0 = Release|Any CPU
		{4900941F-77A0-4B5D-8CF0-949EE2D7C0D4}.Debug|Any CPU.ActiveCfg = Debug|Any CPU
		{4900941F-77A0-4B5D-8CF0-949EE2D7C0D4}.Debug|Any CPU.Build.0 = Debug|Any CPU
		{4900941F-77A0-4B5D-8CF0-949EE2D7C0D4}.Release|Any CPU.ActiveCfg = Release|Any CPU
		{4900941F-77A0-4B5D-8CF0-949EE2D7C0D4}.Release|Any CPU.Build.0 = Release|Any CPU
	EndGlobalSection
	GlobalSection(SolutionProperties) = preSolution
		HideSolutionNode = FALSE
	EndGlobalSection
	GlobalSection(ExtensibilityGlobals) = postSolution
		SolutionGuid = {9E4CACE9-E3EF-42BD-BD5B-68EDA3A8B9C1}
	EndGlobalSection
EndGlobal
